// !$*UTF8*$!
{
	archiveVersion = 1;
	classes = {
	};
	objectVersion = 46;
	objects = {

/* Begin PBXBuildFile section */
		F74375431BE78381005CE5F0 /* Main.storyboard in Resources */ = {isa = PBXBuildFile; fileRef = F74375411BE78381005CE5F0 /* Main.storyboard */; };
		F743754B1BE78381005CE5F0 /* LaunchScreen.storyboard in Resources */ = {isa = PBXBuildFile; fileRef = F74375491BE78381005CE5F0 /* LaunchScreen.storyboard */; };
		F74375561BE78381005CE5F0 /* CoreDataStoryboardSwiftTests.m in Sources */ = {isa = PBXBuildFile; fileRef = F74375551BE78381005CE5F0 /* CoreDataStoryboardSwiftTests.m */; };
		F74375611BE78381005CE5F0 /* CoreDataStoryboardSwiftUITests.m in Sources */ = {isa = PBXBuildFile; fileRef = F74375601BE78381005CE5F0 /* CoreDataStoryboardSwiftUITests.m */; };
		F747EFA01BE8BA44003530DD /* SquadsTransfersViewController.m in Sources */ = {isa = PBXBuildFile; fileRef = F747EF9F1BE8BA44003530DD /* SquadsTransfersViewController.m */; };
		F7A19CBA1BE7A3670008F796 /* AppDelegate.m in Sources */ = {isa = PBXBuildFile; fileRef = F7A19CAC1BE7A3670008F796 /* AppDelegate.m */; };
		F7A19CBB1BE7A3670008F796 /* HomeMenuViewController.m in Sources */ = {isa = PBXBuildFile; fileRef = F7A19CB01BE7A3670008F796 /* HomeMenuViewController.m */; };
		F7A19CBC1BE7A3670008F796 /* CoreDataStoryboardSwift.xcdatamodeld in Sources */ = {isa = PBXBuildFile; fileRef = F7A19CB41BE7A3670008F796 /* CoreDataStoryboardSwift.xcdatamodeld */; };
		F7A19CBD1BE7A3670008F796 /* Assets.xcassets in Resources */ = {isa = PBXBuildFile; fileRef = F7A19CB91BE7A3670008F796 /* Assets.xcassets */; };
		F7A19CC11BE7A38D0008F796 /* Info.plist in Resources */ = {isa = PBXBuildFile; fileRef = F7A19CBF1BE7A38D0008F796 /* Info.plist */; };
		F7A19CC21BE7A38D0008F796 /* main.m in Sources */ = {isa = PBXBuildFile; fileRef = F7A19CC01BE7A38D0008F796 /* main.m */; };
		F7DEF0A31CAAD3B70053A1AA /* Localizable.strings in Resources */ = {isa = PBXBuildFile; fileRef = F7DEF0A51CAAD3B70053A1AA /* Localizable.strings */; };
/* End PBXBuildFile section */

/* Begin PBXContainerItemProxy section */
		F74375521BE78381005CE5F0 /* PBXContainerItemProxy */ = {
			isa = PBXContainerItemProxy;
			containerPortal = F743752D1BE78381005CE5F0 /* Project object */;
			proxyType = 1;
			remoteGlobalIDString = F74375341BE78381005CE5F0;
			remoteInfo = CoreDataStoryboardSwift;
		};
		F743755D1BE78381005CE5F0 /* PBXContainerItemProxy */ = {
			isa = PBXContainerItemProxy;
			containerPortal = F743752D1BE78381005CE5F0 /* Project object */;
			proxyType = 1;
			remoteGlobalIDString = F74375341BE78381005CE5F0;
			remoteInfo = CoreDataStoryboardSwift;
		};
/* End PBXContainerItemProxy section */

/* Begin PBXFileReference section */
		F74375351BE78381005CE5F0 /* CoreDataStoryboardSwift.app */ = {isa = PBXFileReference; explicitFileType = wrapper.application; includeInIndex = 0; path = CoreDataStoryboardSwift.app; sourceTree = BUILT_PRODUCTS_DIR; };
		F74375421BE78381005CE5F0 /* Base */ = {isa = PBXFileReference; lastKnownFileType = file.storyboard; name = Base; path = Base.lproj/Main.storyboard; sourceTree = "<group>"; };
		F743754A1BE78381005CE5F0 /* Base */ = {isa = PBXFileReference; lastKnownFileType = file.storyboard; name = Base; path = Base.lproj/LaunchScreen.storyboard; sourceTree = "<group>"; };
		F74375511BE78381005CE5F0 /* CoreDataStoryboardSwiftTests.xctest */ = {isa = PBXFileReference; explicitFileType = wrapper.cfbundle; includeInIndex = 0; path = CoreDataStoryboardSwiftTests.xctest; sourceTree = BUILT_PRODUCTS_DIR; };
		F74375551BE78381005CE5F0 /* CoreDataStoryboardSwiftTests.m */ = {isa = PBXFileReference; lastKnownFileType = sourcecode.c.objc; path = CoreDataStoryboardSwiftTests.m; sourceTree = "<group>"; };
		F74375571BE78381005CE5F0 /* Info.plist */ = {isa = PBXFileReference; lastKnownFileType = text.plist.xml; path = Info.plist; sourceTree = "<group>"; };
		F743755C1BE78381005CE5F0 /* CoreDataStoryboardSwiftUITests.xctest */ = {isa = PBXFileReference; explicitFileType = wrapper.cfbundle; includeInIndex = 0; path = CoreDataStoryboardSwiftUITests.xctest; sourceTree = BUILT_PRODUCTS_DIR; };
		F74375601BE78381005CE5F0 /* CoreDataStoryboardSwiftUITests.m */ = {isa = PBXFileReference; lastKnownFileType = sourcecode.c.objc; path = CoreDataStoryboardSwiftUITests.m; sourceTree = "<group>"; };
		F74375621BE78381005CE5F0 /* Info.plist */ = {isa = PBXFileReference; lastKnownFileType = text.plist.xml; path = Info.plist; sourceTree = "<group>"; };
		F747EF9E1BE8BA44003530DD /* SquadsTransfersViewController.h */ = {isa = PBXFileReference; fileEncoding = 4; lastKnownFileType = sourcecode.c.h; path = SquadsTransfersViewController.h; sourceTree = "<group>"; };
		F747EF9F1BE8BA44003530DD /* SquadsTransfersViewController.m */ = {isa = PBXFileReference; fileEncoding = 4; lastKnownFileType = sourcecode.c.objc; path = SquadsTransfersViewController.m; sourceTree = "<group>"; };
		F7A19CAB1BE7A3670008F796 /* AppDelegate.h */ = {isa = PBXFileReference; fileEncoding = 4; lastKnownFileType = sourcecode.c.h; path = AppDelegate.h; sourceTree = "<group>"; };
		F7A19CAC1BE7A3670008F796 /* AppDelegate.m */ = {isa = PBXFileReference; fileEncoding = 4; lastKnownFileType = sourcecode.c.objc; path = AppDelegate.m; sourceTree = "<group>"; };
		F7A19CAF1BE7A3670008F796 /* HomeMenuViewController.h */ = {isa = PBXFileReference; fileEncoding = 4; lastKnownFileType = sourcecode.c.h; path = HomeMenuViewController.h; sourceTree = "<group>"; };
		F7A19CB01BE7A3670008F796 /* HomeMenuViewController.m */ = {isa = PBXFileReference; fileEncoding = 4; lastKnownFileType = sourcecode.c.objc; path = HomeMenuViewController.m; sourceTree = "<group>"; };
		F7A19CB51BE7A3670008F796 /* CoreDataStoryboardSwift.xcdatamodel */ = {isa = PBXFileReference; lastKnownFileType = wrapper.xcdatamodel; path = CoreDataStoryboardSwift.xcdatamodel; sourceTree = "<group>"; };
		F7A19CB91BE7A3670008F796 /* Assets.xcassets */ = {isa = PBXFileReference; lastKnownFileType = folder.assetcatalog; path = Assets.xcassets; sourceTree = "<group>"; };
		F7A19CBF1BE7A38D0008F796 /* Info.plist */ = {isa = PBXFileReference; fileEncoding = 4; lastKnownFileType = text.plist.xml; path = Info.plist; sourceTree = "<group>"; };
		F7A19CC01BE7A38D0008F796 /* main.m */ = {isa = PBXFileReference; fileEncoding = 4; lastKnownFileType = sourcecode.c.objc; path = main.m; sourceTree = "<group>"; };
		F7DEF09F1CAAD2D20053A1AA /* hi-IN */ = {isa = PBXFileReference; lastKnownFileType = text.plist.strings; name = "hi-IN"; path = "hi-IN.lproj/Main.strings"; sourceTree = "<group>"; };
		F7DEF0A01CAAD2D20053A1AA /* hi-IN */ = {isa = PBXFileReference; lastKnownFileType = text.plist.strings; name = "hi-IN"; path = "hi-IN.lproj/LaunchScreen.strings"; sourceTree = "<group>"; };
		F7DEF0A41CAAD3B70053A1AA /* hi-IN */ = {isa = PBXFileReference; lastKnownFileType = text.plist.strings; name = "hi-IN"; path = "hi-IN.lproj/Localizable.strings"; sourceTree = "<group>"; };
		F7DEF0A61CAAD3CE0053A1AA /* en */ = {isa = PBXFileReference; lastKnownFileType = text.plist.strings; name = en; path = en.lproj/Localizable.strings; sourceTree = "<group>"; };
		F7DEF0A81CAAD45F0053A1AA /* en */ = {isa = PBXFileReference; lastKnownFileType = text.plist.strings; name = en; path = en.lproj/Main.strings; sourceTree = "<group>"; };
		F7EAD9CA1CAC022F0027037B /* en */ = {isa = PBXFileReference; lastKnownFileType = text.plist.strings; name = en; path = en.lproj/LaunchScreen.strings; sourceTree = "<group>"; };
		F7EAD9CB1CAC02530027037B /* Base */ = {isa = PBXFileReference; lastKnownFileType = text.plist.strings; name = Base; path = Base.lproj/Localizable.strings; sourceTree = "<group>"; };
/* End PBXFileReference section */

/* Begin PBXFrameworksBuildPhase section */
		F74375321BE78381005CE5F0 /* Frameworks */ = {
			isa = PBXFrameworksBuildPhase;
			buildActionMask = 2147483647;
			files = (
			);
			runOnlyForDeploymentPostprocessing = 0;
		};
		F743754E1BE78381005CE5F0 /* Frameworks */ = {
			isa = PBXFrameworksBuildPhase;
			buildActionMask = 2147483647;
			files = (
			);
			runOnlyForDeploymentPostprocessing = 0;
		};
		F74375591BE78381005CE5F0 /* Frameworks */ = {
			isa = PBXFrameworksBuildPhase;
			buildActionMask = 2147483647;
			files = (
			);
			runOnlyForDeploymentPostprocessing = 0;
		};
/* End PBXFrameworksBuildPhase section */

/* Begin PBXGroup section */
		F743752C1BE78381005CE5F0 = {
			isa = PBXGroup;
			children = (
				F74375371BE78381005CE5F0 /* CoreDataStoryboardSwift */,
				F74375541BE78381005CE5F0 /* CoreDataStoryboardSwiftTests */,
				F743755F1BE78381005CE5F0 /* CoreDataStoryboardSwiftUITests */,
				F74375361BE78381005CE5F0 /* Products */,
			);
			sourceTree = "<group>";
		};
		F74375361BE78381005CE5F0 /* Products */ = {
			isa = PBXGroup;
			children = (
				F74375351BE78381005CE5F0 /* CoreDataStoryboardSwift.app */,
				F74375511BE78381005CE5F0 /* CoreDataStoryboardSwiftTests.xctest */,
				F743755C1BE78381005CE5F0 /* CoreDataStoryboardSwiftUITests.xctest */,
			);
			name = Products;
			sourceTree = "<group>";
		};
		F74375371BE78381005CE5F0 /* CoreDataStoryboardSwift */ = {
			isa = PBXGroup;
			children = (
				F7A19CBE1BE7A38D0008F796 /* SupportingFiles */,
				F7A19CA91BE7A3670008F796 /* Application */,
				F7A19CB21BE7A3670008F796 /* Assets */,
				F7A19CB91BE7A3670008F796 /* Assets.xcassets */,
				F74375411BE78381005CE5F0 /* Main.storyboard */,
				F74375491BE78381005CE5F0 /* LaunchScreen.storyboard */,
			);
			path = CoreDataStoryboardSwift;
			sourceTree = "<group>";
		};
		F74375541BE78381005CE5F0 /* CoreDataStoryboardSwiftTests */ = {
			isa = PBXGroup;
			children = (
				F74375551BE78381005CE5F0 /* CoreDataStoryboardSwiftTests.m */,
				F74375571BE78381005CE5F0 /* Info.plist */,
			);
			path = CoreDataStoryboardSwiftTests;
			sourceTree = "<group>";
		};
		F743755F1BE78381005CE5F0 /* CoreDataStoryboardSwiftUITests */ = {
			isa = PBXGroup;
			children = (
				F74375601BE78381005CE5F0 /* CoreDataStoryboardSwiftUITests.m */,
				F74375621BE78381005CE5F0 /* Info.plist */,
			);
			path = CoreDataStoryboardSwiftUITests;
			sourceTree = "<group>";
		};
		F7A19CA91BE7A3670008F796 /* Application */ = {
			isa = PBXGroup;
			children = (
				F7A19CAA1BE7A3670008F796 /* Appdelegate */,
				F7A19CAD1BE7A3670008F796 /* Controllers */,
				F7A19CB11BE7A3670008F796 /* Models */,
			);
			path = Application;
			sourceTree = "<group>";
		};
		F7A19CAA1BE7A3670008F796 /* Appdelegate */ = {
			isa = PBXGroup;
			children = (
				F7A19CAB1BE7A3670008F796 /* AppDelegate.h */,
				F7A19CAC1BE7A3670008F796 /* AppDelegate.m */,
			);
			path = Appdelegate;
			sourceTree = "<group>";
		};
		F7A19CAD1BE7A3670008F796 /* Controllers */ = {
			isa = PBXGroup;
			children = (
				F7A19CAE1BE7A3670008F796 /* MenuScreens */,
			);
			path = Controllers;
			sourceTree = "<group>";
		};
		F7A19CAE1BE7A3670008F796 /* MenuScreens */ = {
			isa = PBXGroup;
			children = (
				F7A19CAF1BE7A3670008F796 /* HomeMenuViewController.h */,
				F7A19CB01BE7A3670008F796 /* HomeMenuViewController.m */,
				F747EF9E1BE8BA44003530DD /* SquadsTransfersViewController.h */,
				F747EF9F1BE8BA44003530DD /* SquadsTransfersViewController.m */,
			);
			path = MenuScreens;
			sourceTree = "<group>";
		};
		F7A19CB11BE7A3670008F796 /* Models */ = {
			isa = PBXGroup;
			children = (
			);
			path = Models;
			sourceTree = "<group>";
		};
		F7A19CB21BE7A3670008F796 /* Assets */ = {
			isa = PBXGroup;
			children = (
				F7A19CB31BE7A3670008F796 /* CoreDataModeld */,
				F7A19CB61BE7A3670008F796 /* DB */,
				F7A19CB71BE7A3670008F796 /* Fonts */,
				F7A19CB81BE7A3670008F796 /* Images */,
			);
			path = Assets;
			sourceTree = "<group>";
		};
		F7A19CB31BE7A3670008F796 /* CoreDataModeld */ = {
			isa = PBXGroup;
			children = (
				F7A19CB41BE7A3670008F796 /* CoreDataStoryboardSwift.xcdatamodeld */,
			);
			path = CoreDataModeld;
			sourceTree = "<group>";
		};
		F7A19CB61BE7A3670008F796 /* DB */ = {
			isa = PBXGroup;
			children = (
			);
			path = DB;
			sourceTree = "<group>";
		};
		F7A19CB71BE7A3670008F796 /* Fonts */ = {
			isa = PBXGroup;
			children = (
			);
			path = Fonts;
			sourceTree = "<group>";
		};
		F7A19CB81BE7A3670008F796 /* Images */ = {
			isa = PBXGroup;
			children = (
			);
			path = Images;
			sourceTree = "<group>";
		};
		F7A19CBE1BE7A38D0008F796 /* SupportingFiles */ = {
			isa = PBXGroup;
			children = (
				F7A19CBF1BE7A38D0008F796 /* Info.plist */,
				F7A19CC01BE7A38D0008F796 /* main.m */,
				F7DEF0A51CAAD3B70053A1AA /* Localizable.strings */,
			);
			path = SupportingFiles;
			sourceTree = "<group>";
		};
/* End PBXGroup section */

/* Begin PBXNativeTarget section */
		F74375341BE78381005CE5F0 /* CoreDataStoryboardSwift */ = {
			isa = PBXNativeTarget;
			buildConfigurationList = F74375651BE78381005CE5F0 /* Build configuration list for PBXNativeTarget "CoreDataStoryboardSwift" */;
			buildPhases = (
				F74375311BE78381005CE5F0 /* Sources */,
				F74375321BE78381005CE5F0 /* Frameworks */,
				F74375331BE78381005CE5F0 /* Resources */,
			);
			buildRules = (
			);
			dependencies = (
			);
			name = CoreDataStoryboardSwift;
			productName = CoreDataStoryboardSwift;
			productReference = F74375351BE78381005CE5F0 /* CoreDataStoryboardSwift.app */;
			productType = "com.apple.product-type.application";
		};
		F74375501BE78381005CE5F0 /* CoreDataStoryboardSwiftTests */ = {
			isa = PBXNativeTarget;
			buildConfigurationList = F74375681BE78381005CE5F0 /* Build configuration list for PBXNativeTarget "CoreDataStoryboardSwiftTests" */;
			buildPhases = (
				F743754D1BE78381005CE5F0 /* Sources */,
				F743754E1BE78381005CE5F0 /* Frameworks */,
				F743754F1BE78381005CE5F0 /* Resources */,
			);
			buildRules = (
			);
			dependencies = (
				F74375531BE78381005CE5F0 /* PBXTargetDependency */,
			);
			name = CoreDataStoryboardSwiftTests;
			productName = CoreDataStoryboardSwiftTests;
			productReference = F74375511BE78381005CE5F0 /* CoreDataStoryboardSwiftTests.xctest */;
			productType = "com.apple.product-type.bundle.unit-test";
		};
		F743755B1BE78381005CE5F0 /* CoreDataStoryboardSwiftUITests */ = {
			isa = PBXNativeTarget;
			buildConfigurationList = F743756B1BE78381005CE5F0 /* Build configuration list for PBXNativeTarget "CoreDataStoryboardSwiftUITests" */;
			buildPhases = (
				F74375581BE78381005CE5F0 /* Sources */,
				F74375591BE78381005CE5F0 /* Frameworks */,
				F743755A1BE78381005CE5F0 /* Resources */,
			);
			buildRules = (
			);
			dependencies = (
				F743755E1BE78381005CE5F0 /* PBXTargetDependency */,
			);
			name = CoreDataStoryboardSwiftUITests;
			productName = CoreDataStoryboardSwiftUITests;
			productReference = F743755C1BE78381005CE5F0 /* CoreDataStoryboardSwiftUITests.xctest */;
			productType = "com.apple.product-type.bundle.ui-testing";
		};
/* End PBXNativeTarget section */

/* Begin PBXProject section */
		F743752D1BE78381005CE5F0 /* Project object */ = {
			isa = PBXProject;
			attributes = {
				LastUpgradeCheck = 0700;
				ORGANIZATIONNAME = 7vikram7;
				TargetAttributes = {
					F74375341BE78381005CE5F0 = {
						CreatedOnToolsVersion = 7.0;
					};
					F74375501BE78381005CE5F0 = {
						CreatedOnToolsVersion = 7.0;
						TestTargetID = F74375341BE78381005CE5F0;
					};
					F743755B1BE78381005CE5F0 = {
						CreatedOnToolsVersion = 7.0;
						TestTargetID = F74375341BE78381005CE5F0;
					};
				};
			};
			buildConfigurationList = F74375301BE78381005CE5F0 /* Build configuration list for PBXProject "CoreDataStoryboardSwift" */;
			compatibilityVersion = "Xcode 3.2";
			developmentRegion = English;
			hasScannedForEncodings = 0;
			knownRegions = (
				en,
				Base,
			);
			mainGroup = F743752C1BE78381005CE5F0;
			productRefGroup = F74375361BE78381005CE5F0 /* Products */;
			projectDirPath = "";
			projectRoot = "";
			targets = (
				F74375341BE78381005CE5F0 /* CoreDataStoryboardSwift */,
				F74375501BE78381005CE5F0 /* CoreDataStoryboardSwiftTests */,
				F743755B1BE78381005CE5F0 /* CoreDataStoryboardSwiftUITests */,
			);
		};
/* End PBXProject section */

/* Begin PBXResourcesBuildPhase section */
		F74375331BE78381005CE5F0 /* Resources */ = {
			isa = PBXResourcesBuildPhase;
			buildActionMask = 2147483647;
			files = (
				F7DEF0A31CAAD3B70053A1AA /* Localizable.strings in Resources */,
				F7A19CC11BE7A38D0008F796 /* Info.plist in Resources */,
				F743754B1BE78381005CE5F0 /* LaunchScreen.storyboard in Resources */,
				F7A19CBD1BE7A3670008F796 /* Assets.xcassets in Resources */,
				F74375431BE78381005CE5F0 /* Main.storyboard in Resources */,
			);
			runOnlyForDeploymentPostprocessing = 0;
		};
		F743754F1BE78381005CE5F0 /* Resources */ = {
			isa = PBXResourcesBuildPhase;
			buildActionMask = 2147483647;
			files = (
			);
			runOnlyForDeploymentPostprocessing = 0;
		};
		F743755A1BE78381005CE5F0 /* Resources */ = {
			isa = PBXResourcesBuildPhase;
			buildActionMask = 2147483647;
			files = (
			);
			runOnlyForDeploymentPostprocessing = 0;
		};
/* End PBXResourcesBuildPhase section */

/* Begin PBXSourcesBuildPhase section */
		F74375311BE78381005CE5F0 /* Sources */ = {
			isa = PBXSourcesBuildPhase;
			buildActionMask = 2147483647;
			files = (
				F7A19CBB1BE7A3670008F796 /* HomeMenuViewController.m in Sources */,
				F7A19CBA1BE7A3670008F796 /* AppDelegate.m in Sources */,
				F747EFA01BE8BA44003530DD /* SquadsTransfersViewController.m in Sources */,
				F7A19CC21BE7A38D0008F796 /* main.m in Sources */,
				F7A19CBC1BE7A3670008F796 /* CoreDataStoryboardSwift.xcdatamodeld in Sources */,
			);
			runOnlyForDeploymentPostprocessing = 0;
		};
		F743754D1BE78381005CE5F0 /* Sources */ = {
			isa = PBXSourcesBuildPhase;
			buildActionMask = 2147483647;
			files = (
				F74375561BE78381005CE5F0 /* CoreDataStoryboardSwiftTests.m in Sources */,
			);
			runOnlyForDeploymentPostprocessing = 0;
		};
		F74375581BE78381005CE5F0 /* Sources */ = {
			isa = PBXSourcesBuildPhase;
			buildActionMask = 2147483647;
			files = (
				F74375611BE78381005CE5F0 /* CoreDataStoryboardSwiftUITests.m in Sources */,
			);
			runOnlyForDeploymentPostprocessing = 0;
		};
/* End PBXSourcesBuildPhase section */

/* Begin PBXTargetDependency section */
		F74375531BE78381005CE5F0 /* PBXTargetDependency */ = {
			isa = PBXTargetDependency;
			target = F74375341BE78381005CE5F0 /* CoreDataStoryboardSwift */;
			targetProxy = F74375521BE78381005CE5F0 /* PBXContainerItemProxy */;
		};
		F743755E1BE78381005CE5F0 /* PBXTargetDependency */ = {
			isa = PBXTargetDependency;
			target = F74375341BE78381005CE5F0 /* CoreDataStoryboardSwift */;
			targetProxy = F743755D1BE78381005CE5F0 /* PBXContainerItemProxy */;
		};
/* End PBXTargetDependency section */

/* Begin PBXVariantGroup section */
		F74375411BE78381005CE5F0 /* Main.storyboard */ = {
			isa = PBXVariantGroup;
			children = (
				F74375421BE78381005CE5F0 /* Base */,
				F7DEF09F1CAAD2D20053A1AA /* hi-IN */,
				F7DEF0A81CAAD45F0053A1AA /* en */,
			);
			name = Main.storyboard;
			sourceTree = "<group>";
		};
		F74375491BE78381005CE5F0 /* LaunchScreen.storyboard */ = {
			isa = PBXVariantGroup;
			children = (
				F743754A1BE78381005CE5F0 /* Base */,
				F7DEF0A01CAAD2D20053A1AA /* hi-IN */,
				F7EAD9CA1CAC022F0027037B /* en */,
			);
			name = LaunchScreen.storyboard;
			sourceTree = "<group>";
		};
		F7DEF0A51CAAD3B70053A1AA /* Localizable.strings */ = {
			isa = PBXVariantGroup;
			children = (
				F7DEF0A41CAAD3B70053A1AA /* hi-IN */,
				F7DEF0A61CAAD3CE0053A1AA /* en */,
				F7EAD9CB1CAC02530027037B /* Base */,
			);
			name = Localizable.strings;
			sourceTree = "<group>";
		};
/* End PBXVariantGroup section */

/* Begin XCBuildConfiguration section */
		F74375631BE78381005CE5F0 /* Debug */ = {
			isa = XCBuildConfiguration;
			buildSettings = {
				ALWAYS_SEARCH_USER_PATHS = NO;
				CLANG_CXX_LANGUAGE_STANDARD = "gnu++0x";
				CLANG_CXX_LIBRARY = "libc++";
				CLANG_ENABLE_MODULES = YES;
				CLANG_ENABLE_OBJC_ARC = YES;
				CLANG_WARN_BOOL_CONVERSION = YES;
				CLANG_WARN_CONSTANT_CONVERSION = YES;
				CLANG_WARN_DIRECT_OBJC_ISA_USAGE = YES_ERROR;
				CLANG_WARN_EMPTY_BODY = YES;
				CLANG_WARN_ENUM_CONVERSION = YES;
				CLANG_WARN_INT_CONVERSION = YES;
				CLANG_WARN_OBJC_ROOT_CLASS = YES_ERROR;
				CLANG_WARN_UNREACHABLE_CODE = YES;
				CLANG_WARN__DUPLICATE_METHOD_MATCH = YES;
				CODE_SIGN_IDENTITY = "iPhone Distribution: MOBISOFT INFOTECH, LLC";
				COPY_PHASE_STRIP = NO;
				DEBUG_INFORMATION_FORMAT = dwarf;
				ENABLE_STRICT_OBJC_MSGSEND = YES;
				ENABLE_TESTABILITY = YES;
				GCC_C_LANGUAGE_STANDARD = gnu99;
				GCC_DYNAMIC_NO_PIC = NO;
				GCC_NO_COMMON_BLOCKS = YES;
				GCC_OPTIMIZATION_LEVEL = 0;
				GCC_PREPROCESSOR_DEFINITIONS = (
					"DEBUG=1",
					"$(inherited)",
				);
				GCC_WARN_64_TO_32_BIT_CONVERSION = YES;
				GCC_WARN_ABOUT_RETURN_TYPE = YES_ERROR;
				GCC_WARN_UNDECLARED_SELECTOR = YES;
				GCC_WARN_UNINITIALIZED_AUTOS = YES_AGGRESSIVE;
				GCC_WARN_UNUSED_FUNCTION = YES;
				GCC_WARN_UNUSED_VARIABLE = YES;
				IPHONEOS_DEPLOYMENT_TARGET = 9.0;
				MTL_ENABLE_DEBUG_INFO = YES;
				ONLY_ACTIVE_ARCH = YES;
				PROVISIONING_PROFILE = "7c25b19d-e116-4c96-af70-72174c5e848f";
				SDKROOT = iphoneos;
				TARGETED_DEVICE_FAMILY = "1,2";
			};
			name = Debug;
		};
		F74375641BE78381005CE5F0 /* Release */ = {
			isa = XCBuildConfiguration;
			buildSettings = {
				ALWAYS_SEARCH_USER_PATHS = NO;
				CLANG_CXX_LANGUAGE_STANDARD = "gnu++0x";
				CLANG_CXX_LIBRARY = "libc++";
				CLANG_ENABLE_MODULES = YES;
				CLANG_ENABLE_OBJC_ARC = YES;
				CLANG_WARN_BOOL_CONVERSION = YES;
				CLANG_WARN_CONSTANT_CONVERSION = YES;
				CLANG_WARN_DIRECT_OBJC_ISA_USAGE = YES_ERROR;
				CLANG_WARN_EMPTY_BODY = YES;
				CLANG_WARN_ENUM_CONVERSION = YES;
				CLANG_WARN_INT_CONVERSION = YES;
				CLANG_WARN_OBJC_ROOT_CLASS = YES_ERROR;
				CLANG_WARN_UNREACHABLE_CODE = YES;
				CLANG_WARN__DUPLICATE_METHOD_MATCH = YES;
				CODE_SIGN_IDENTITY = "iPhone Distribution: MOBISOFT INFOTECH, LLC";
				COPY_PHASE_STRIP = NO;
				DEBUG_INFORMATION_FORMAT = "dwarf-with-dsym";
				ENABLE_NS_ASSERTIONS = NO;
				ENABLE_STRICT_OBJC_MSGSEND = YES;
				GCC_C_LANGUAGE_STANDARD = gnu99;
				GCC_NO_COMMON_BLOCKS = YES;
				GCC_WARN_64_TO_32_BIT_CONVERSION = YES;
				GCC_WARN_ABOUT_RETURN_TYPE = YES_ERROR;
				GCC_WARN_UNDECLARED_SELECTOR = YES;
				GCC_WARN_UNINITIALIZED_AUTOS = YES_AGGRESSIVE;
				GCC_WARN_UNUSED_FUNCTION = YES;
				GCC_WARN_UNUSED_VARIABLE = YES;
				IPHONEOS_DEPLOYMENT_TARGET = 9.0;
				MTL_ENABLE_DEBUG_INFO = NO;
				PROVISIONING_PROFILE = "7c25b19d-e116-4c96-af70-72174c5e848f";
				SDKROOT = iphoneos;
				TARGETED_DEVICE_FAMILY = "1,2";
				VALIDATE_PRODUCT = YES;
			};
			name = Release;
		};
		F74375661BE78381005CE5F0 /* Debug */ = {
			isa = XCBuildConfiguration;
			buildSettings = {
				ASSETCATALOG_COMPILER_APPICON_NAME = AppIcon;
				INFOPLIST_FILE = CoreDataStoryboardSwift/SupportingFiles/Info.plist;
				LD_RUNPATH_SEARCH_PATHS = "$(inherited) @executable_path/Frameworks";
				PRODUCT_BUNDLE_IDENTIFIER = "vikram7-7.CoreDataStoryboardSwift";
				PRODUCT_NAME = "$(TARGET_NAME)";
				PROVISIONING_PROFILE = "7c25b19d-e116-4c96-af70-72174c5e848f";
			};
			name = Debug;
		};
		F74375671BE78381005CE5F0 /* Release */ = {
			isa = XCBuildConfiguration;
			buildSettings = {
				ASSETCATALOG_COMPILER_APPICON_NAME = AppIcon;
				INFOPLIST_FILE = CoreDataStoryboardSwift/SupportingFiles/Info.plist;
				LD_RUNPATH_SEARCH_PATHS = "$(inherited) @executable_path/Frameworks";
				PRODUCT_BUNDLE_IDENTIFIER = "vikram7-7.CoreDataStoryboardSwift";
				PRODUCT_NAME = "$(TARGET_NAME)";
				PROVISIONING_PROFILE = "7c25b19d-e116-4c96-af70-72174c5e848f";
			};
			name = Release;
		};
		F74375691BE78381005CE5F0 /* Debug */ = {
			isa = XCBuildConfiguration;
			buildSettings = {
				BUNDLE_LOADER = "$(TEST_HOST)";
				INFOPLIST_FILE = CoreDataStoryboardSwiftTests/Info.plist;
				LD_RUNPATH_SEARCH_PATHS = "$(inherited) @executable_path/Frameworks @loader_path/Frameworks";
				PRODUCT_BUNDLE_IDENTIFIER = "vikram7-7.CoreDataStoryboardSwiftTests";
				PRODUCT_NAME = "$(TARGET_NAME)";
				TEST_HOST = "$(BUILT_PRODUCTS_DIR)/CoreDataStoryboardSwift.app/CoreDataStoryboardSwift";
			};
			name = Debug;
		};
		F743756A1BE78381005CE5F0 /* Release */ = {
			isa = XCBuildConfiguration;
			buildSettings = {
				BUNDLE_LOADER = "$(TEST_HOST)";
				INFOPLIST_FILE = CoreDataStoryboardSwiftTests/Info.plist;
				LD_RUNPATH_SEARCH_PATHS = "$(inherited) @executable_path/Frameworks @loader_path/Frameworks";
				PRODUCT_BUNDLE_IDENTIFIER = "vikram7-7.CoreDataStoryboardSwiftTests";
				PRODUCT_NAME = "$(TARGET_NAME)";
				TEST_HOST = "$(BUILT_PRODUCTS_DIR)/CoreDataStoryboardSwift.app/CoreDataStoryboardSwift";
			};
			name = Release;
		};
		F743756C1BE78381005CE5F0 /* Debug */ = {
			isa = XCBuildConfiguration;
			buildSettings = {
				INFOPLIST_FILE = CoreDataStoryboardSwiftUITests/Info.plist;
				LD_RUNPATH_SEARCH_PATHS = "$(inherited) @executable_path/Frameworks @loader_path/Frameworks";
				PRODUCT_BUNDLE_IDENTIFIER = "vikram7-7.CoreDataStoryboardSwiftUITests";
				PRODUCT_NAME = "$(TARGET_NAME)";
				TEST_TARGET_NAME = CoreDataStoryboardSwift;
				USES_XCTRUNNER = YES;
			};
			name = Debug;
		};
		F743756D1BE78381005CE5F0 /* Release */ = {
			isa = XCBuildConfiguration;
			buildSettings = {
				INFOPLIST_FILE = CoreDataStoryboardSwiftUITests/Info.plist;
				LD_RUNPATH_SEARCH_PATHS = "$(inherited) @executable_path/Frameworks @loader_path/Frameworks";
				PRODUCT_BUNDLE_IDENTIFIER = "vikram7-7.CoreDataStoryboardSwiftUITests";
				PRODUCT_NAME = "$(TARGET_NAME)";
				TEST_TARGET_NAME = CoreDataStoryboardSwift;
				USES_XCTRUNNER = YES;
			};
			name = Release;
		};
/* End XCBuildConfiguration section */

/* Begin XCConfigurationList section */
		F74375301BE78381005CE5F0 /* Build configuration list for PBXProject "CoreDataStoryboardSwift" */ = {
			isa = XCConfigurationList;
			buildConfigurations = (
				F74375631BE78381005CE5F0 /* Debug */,
				F74375641BE78381005CE5F0 /* Release */,
			);
			defaultConfigurationIsVisible = 0;
			defaultConfigurationName = Release;
		};
		F74375651BE78381005CE5F0 /* Build configuration list for PBXNativeTarget "CoreDataStoryboardSwift" */ = {
			isa = XCConfigurationList;
			buildConfigurations = (
				F74375661BE78381005CE5F0 /* Debug */,
				F74375671BE78381005CE5F0 /* Release */,
			);
			defaultConfigurationIsVisible = 0;
			defaultConfigurationName = Release;
		};
		F74375681BE78381005CE5F0 /* Build configuration list for PBXNativeTarget "CoreDataStoryboardSwiftTests" */ = {
			isa = XCConfigurationList;
			buildConfigurations = (
				F74375691BE78381005CE5F0 /* Debug */,
				F743756A1BE78381005CE5F0 /* Release */,
			);
			defaultConfigurationIsVisible = 0;
			defaultConfigurationName = Release;
		};
		F743756B1BE78381005CE5F0 /* Build configuration list for PBXNativeTarget "CoreDataStoryboardSwiftUITests" */ = {
			isa = XCConfigurationList;
			buildConfigurations = (
				F743756C1BE78381005CE5F0 /* Debug */,
				F743756D1BE78381005CE5F0 /* Release */,
			);
			defaultConfigurationIsVisible = 0;
			defaultConfigurationName = Release;
		};
/* End XCConfigurationList section */

/* Begin XCVersionGroup section */
		F7A19CB41BE7A3670008F796 /* CoreDataStoryboardSwift.xcdatamodeld */ = {
			isa = XCVersionGroup;
			children = (
				F7A19CB51BE7A3670008F796 /* CoreDataStoryboardSwift.xcdatamodel */,
			);
			currentVersion = F7A19CB51BE7A3670008F796 /* CoreDataStoryboardSwift.xcdatamodel */;
			path = CoreDataStoryboardSwift.xcdatamodeld;
			sourceTree = "<group>";
			versionGroupType = wrapper.xcdatamodel;
		};
/* End XCVersionGroup section */
	};
	rootObject = F743752D1BE78381005CE5F0 /* Project object */;
}
